
Microsoft Visual Studio Solution File, Format Version 12.00
# Visual Studio Version 17
VisualStudioVersion = 17.0.32126.317
MinimumVisualStudioVersion = 10.0.40219.1
Project("{FAE04EC0-301F-11D3-BF4B-00C04F79EFBC}") = "1.3", "1.3.csproj", "{428C0DE3-1073-42E4-A92C-4E9276727590}"
EndProject
Global
	GlobalSection(SolutionConfigurationPlatforms) = preSolution
		Debug|Any CPU = Debug|Any CPU
		Release|Any CPU = Release|Any CPU
	EndGlobalSection
	GlobalSection(ProjectConfigurationPlatforms) = postSolution
		{428C0DE3-1073-42E4-A92C-4E9276727590}.Debug|Any CPU.ActiveCfg = Debug|Any CPU
		{428C0DE3-1073-42E4-A92C-4E9276727590}.Debug|Any CPU.Build.0 = Debug|Any CPU
		{428C0DE3-1073-42E4-A92C-4E9276727590}.Release|Any CPU.ActiveCfg = Release|Any CPU
		{428C0DE3-1073-42E4-A92C-4E9276727590}.Release|Any CPU.Build.0 = Release|Any CPU
	EndGlobalSection
	GlobalSection(SolutionProperties) = preSolution
		HideSolutionNode = FALSE
	EndGlobalSection
	GlobalSection(ExtensibilityGlobals) = postSolution
		SolutionGuid = {7D4DA323-3E91-46B7-93E2-037D43A112C8}
	EndGlobalSection
EndGlobal
